Microsoft Visual Studio Solution File, Format Version 12.00
# Visual Studio Version 18
VisualStudioVersion = 18.0.11012.119 d18.0
MinimumVisualStudioVersion = 10.0.40219.1
Project("{9A19103F-16F7-4668-BE54-9A1E7A4F7556}") = "Aryzac.Documentation", "Aryzac.Documentation\Aryzac.Documentation.csproj", "{D188A3B4-9A96-48D8-9363-89CE61C05D83}"
EndProject
Project("{9A19103F-16F7-4668-BE54-9A1E7A4F7556}") = "Aryzac.GitHubIssues", "Aryzac.GitHubIssues\Aryzac.GitHubIssues.csproj", "{1EC22268-17C2-4D42-B447-B938FFFA52AC}"
EndProject
Global
	GlobalSection(SolutionConfigurationPlatforms) = preSolution
		Debug|Any CPU = Debug|Any CPU
		Release|Any CPU = Release|Any CPU
	EndGlobalSection
	GlobalSection(ProjectConfigurationPlatforms) = postSolution
		{D188A3B4-9A96-48D8-9363-89CE61C05D83}.Debug|Any CPU.ActiveCfg = Debug|Any CPU
		{D188A3B4-9A96-48D8-9363-89CE61C05D83}.Debug|Any CPU.Build.0 = Debug|Any CPU
		{D188A3B4-9A96-48D8-9363-89CE61C05D83}.Release|Any CPU.ActiveCfg = Release|Any CPU
		{D188A3B4-9A96-48D8-9363-89CE61C05D83}.Release|Any CPU.Build.0 = Release|Any CPU
		{1EC22268-17C2-4D42-B447-B938FFFA52AC}.Debug|Any CPU.ActiveCfg = Debug|Any CPU
		{1EC22268-17C2-4D42-B447-B938FFFA52AC}.Debug|Any CPU.Build.0 = Debug|Any CPU
		{1EC22268-17C2-4D42-B447-B938FFFA52AC}.Release|Any CPU.ActiveCfg = Release|Any CPU
		{1EC22268-17C2-4D42-B447-B938FFFA52AC}.Release|Any CPU.Build.0 = Release|Any CPU
	EndGlobalSection
	GlobalSection(SolutionProperties) = preSolution
		HideSolutionNode = FALSE
	EndGlobalSection
EndGlobal
